// !$*UTF8*$!
{
	archiveVersion = 1;
	classes = {
	};
	objectVersion = 56;
	objects = {

/* Begin PBXBuildFile section */
		1CBC24042CDF01F6006A90FB /* AgendaAppApp.swift in Sources */ = {isa = PBXBuildFile; fileRef = 1CBC24032CDF01F6006A90FB /* AgendaAppApp.swift */; };
		1CBC24062CDF01F6006A90FB /* ContentView.swift in Sources */ = {isa = PBXBuildFile; fileRef = 1CBC24052CDF01F6006A90FB /* ContentView.swift */; };
		1CBC24082CDF01F7006A90FB /* Assets.xcassets in Resources */ = {isa = PBXBuildFile; fileRef = 1CBC24072CDF01F7006A90FB /* Assets.xcassets */; };
		1CBC240B2CDF01F7006A90FB /* Preview Assets.xcassets in Resources */ = {isa = PBXBuildFile; fileRef = 1CBC240A2CDF01F7006A90FB /* Preview Assets.xcassets */; };
		1CBC24132CDF025E006A90FB /* AgendaAppModel.xcdatamodeld in Sources */ = {isa = PBXBuildFile; fileRef = 1CBC24112CDF025E006A90FB /* AgendaAppModel.xcdatamodeld */; };
		1CBC24182CDF03F9006A90FB /* Contact.swift in Sources */ = {isa = PBXBuildFile; fileRef = 1CBC24172CDF03F9006A90FB /* Contact.swift */; };
		1CBC241A2CDF06A4006A90FB /* PersistenceController.swift in Sources */ = {isa = PBXBuildFile; fileRef = 1CBC24192CDF06A4006A90FB /* PersistenceController.swift */; };
		1CBC241C2CDF08A4006A90FB /* ContactListViewModel.swift in Sources */ = {isa = PBXBuildFile; fileRef = 1CBC241B2CDF08A4006A90FB /* ContactListViewModel.swift */; };
		1CBC241E2CDF0D02006A90FB /* ContactListView.swift in Sources */ = {isa = PBXBuildFile; fileRef = 1CBC241D2CDF0D02006A90FB /* ContactListView.swift */; };
		1CBC24202CDF10B5006A90FB /* ContactDetailView.swift in Sources */ = {isa = PBXBuildFile; fileRef = 1CBC241F2CDF10B5006A90FB /* ContactDetailView.swift */; };
/* End PBXBuildFile section */

/* Begin PBXFileReference section */
		1CBC24002CDF01F6006A90FB /* AgendaApp.app */ = {isa = PBXFileReference; explicitFileType = wrapper.application; includeInIndex = 0; path = AgendaApp.app; sourceTree = BUILT_PRODUCTS_DIR; };
		1CBC24032CDF01F6006A90FB /* AgendaAppApp.swift */ = {isa = PBXFileReference; lastKnownFileType = sourcecode.swift; path = AgendaAppApp.swift; sourceTree = "<group>"; };
		1CBC24052CDF01F6006A90FB /* ContentView.swift */ = {isa = PBXFileReference; lastKnownFileType = sourcecode.swift; path = ContentView.swift; sourceTree = "<group>"; };
		1CBC24072CDF01F7006A90FB /* Assets.xcassets */ = {isa = PBXFileReference; lastKnownFileType = folder.assetcatalog; path = Assets.xcassets; sourceTree = "<group>"; };
		1CBC240A2CDF01F7006A90FB /* Preview Assets.xcassets */ = {isa = PBXFileReference; lastKnownFileType = folder.assetcatalog; path = "Preview Assets.xcassets"; sourceTree = "<group>"; };
		1CBC24122CDF025E006A90FB /* AgendaAppModel.xcdatamodel */ = {isa = PBXFileReference; lastKnownFileType = wrapper.xcdatamodel; path = AgendaAppModel.xcdatamodel; sourceTree = "<group>"; };
		1CBC24172CDF03F9006A90FB /* Contact.swift */ = {isa = PBXFileReference; lastKnownFileType = sourcecode.swift; path = Contact.swift; sourceTree = "<group>"; };
		1CBC24192CDF06A4006A90FB /* PersistenceController.swift */ = {isa = PBXFileReference; lastKnownFileType = sourcecode.swift; path = PersistenceController.swift; sourceTree = "<group>"; };
		1CBC241B2CDF08A4006A90FB /* ContactListViewModel.swift */ = {isa = PBXFileReference; lastKnownFileType = sourcecode.swift; path = ContactListViewModel.swift; sourceTree = "<group>"; };
		1CBC241D2CDF0D02006A90FB /* ContactListView.swift */ = {isa = PBXFileReference; lastKnownFileType = sourcecode.swift; path = ContactListView.swift; sourceTree = "<group>"; };
		1CBC241F2CDF10B5006A90FB /* ContactDetailView.swift */ = {isa = PBXFileReference; lastKnownFileType = sourcecode.swift; path = ContactDetailView.swift; sourceTree = "<group>"; };
/* End PBXFileReference section */

/* Begin PBXFrameworksBuildPhase section */
		1CBC23FD2CDF01F6006A90FB /* Frameworks */ = {
			isa = PBXFrameworksBuildPhase;
			buildActionMask = 2147483647;
			files = (
			);
			runOnlyForDeploymentPostprocessing = 0;
		};
/* End PBXFrameworksBuildPhase section */

/* Begin PBXGroup section */
		1CBC23F72CDF01F6006A90FB = {
			isa = PBXGroup;
			children = (
				1CBC24022CDF01F6006A90FB /* AgendaApp */,
				1CBC24012CDF01F6006A90FB /* Products */,
			);
			sourceTree = "<group>";
		};
		1CBC24012CDF01F6006A90FB /* Products */ = {
			isa = PBXGroup;
			children = (
				1CBC24002CDF01F6006A90FB /* AgendaApp.app */,
			);
			name = Products;
			sourceTree = "<group>";
		};
		1CBC24022CDF01F6006A90FB /* AgendaApp */ = {
			isa = PBXGroup;
			children = (
				1CBC24142CDF035F006A90FB /* Models */,
				1CBC24162CDF0374006A90FB /* ViewModels */,
				1CBC24152CDF0367006A90FB /* Views */,
				1CBC24032CDF01F6006A90FB /* AgendaAppApp.swift */,
				1CBC24052CDF01F6006A90FB /* ContentView.swift */,
				1CBC24192CDF06A4006A90FB /* PersistenceController.swift */,
				1CBC24072CDF01F7006A90FB /* Assets.xcassets */,
				1CBC24092CDF01F7006A90FB /* Preview Content */,
				1CBC24112CDF025E006A90FB /* AgendaAppModel.xcdatamodeld */,
			);
			path = AgendaApp;
			sourceTree = "<group>";
		};
		1CBC24092CDF01F7006A90FB /* Preview Content */ = {
			isa = PBXGroup;
			children = (
				1CBC240A2CDF01F7006A90FB /* Preview Assets.xcassets */,
			);
			path = "Preview Content";
			sourceTree = "<group>";
		};
		1CBC24142CDF035F006A90FB /* Models */ = {
			isa = PBXGroup;
			children = (
				1CBC24172CDF03F9006A90FB /* Contact.swift */,
			);
			path = Models;
			sourceTree = "<group>";
		};
		1CBC24152CDF0367006A90FB /* Views */ = {
			isa = PBXGroup;
			children = (
				1CBC241D2CDF0D02006A90FB /* ContactListView.swift */,
				1CBC241F2CDF10B5006A90FB /* ContactDetailView.swift */,
			);
			path = Views;
			sourceTree = "<group>";
		};
		1CBC24162CDF0374006A90FB /* ViewModels */ = {
			isa = PBXGroup;
			children = (
				1CBC241B2CDF08A4006A90FB /* ContactListViewModel.swift */,
			);
			path = ViewModels;
			sourceTree = "<group>";
		};
/* End PBXGroup section */

/* Begin PBXNativeTarget section */
		1CBC23FF2CDF01F6006A90FB /* AgendaApp */ = {
			isa = PBXNativeTarget;
			buildConfigurationList = 1CBC240E2CDF01F7006A90FB /* Build configuration list for PBXNativeTarget "AgendaApp" */;
			buildPhases = (
				1CBC23FC2CDF01F6006A90FB /* Sources */,
				1CBC23FD2CDF01F6006A90FB /* Frameworks */,
				1CBC23FE2CDF01F6006A90FB /* Resources */,
			);
			buildRules = (
			);
			dependencies = (
			);
			name = AgendaApp;
			productName = AgendaApp;
			productReference = 1CBC24002CDF01F6006A90FB /* AgendaApp.app */;
			productType = "com.apple.product-type.application";
		};
/* End PBXNativeTarget section */

/* Begin PBXProject section */
		1CBC23F82CDF01F6006A90FB /* Project object */ = {
			isa = PBXProject;
			attributes = {
				BuildIndependentTargetsInParallel = 1;
				LastSwiftUpdateCheck = 1520;
				LastUpgradeCheck = 1520;
				TargetAttributes = {
					1CBC23FF2CDF01F6006A90FB = {
						CreatedOnToolsVersion = 15.2;
					};
				};
			};
			buildConfigurationList = 1CBC23FB2CDF01F6006A90FB /* Build configuration list for PBXProject "AgendaApp" */;
			compatibilityVersion = "Xcode 14.0";
			developmentRegion = en;
			hasScannedForEncodings = 0;
			knownRegions = (
				en,
				Base,
			);
			mainGroup = 1CBC23F72CDF01F6006A90FB;
			productRefGroup = 1CBC24012CDF01F6006A90FB /* Products */;
			projectDirPath = "";
			projectRoot = "";
			targets = (
				1CBC23FF2CDF01F6006A90FB /* AgendaApp */,
			);
		};
/* End PBXProject section */

/* Begin PBXResourcesBuildPhase section */
		1CBC23FE2CDF01F6006A90FB /* Resources */ = {
			isa = PBXResourcesBuildPhase;
			buildActionMask = 2147483647;
			files = (
				1CBC240B2CDF01F7006A90FB /* Preview Assets.xcassets in Resources */,
				1CBC24082CDF01F7006A90FB /* Assets.xcassets in Resources */,
			);
			runOnlyForDeploymentPostprocessing = 0;
		};
/* End PBXResourcesBuildPhase section */

/* Begin PBXSourcesBuildPhase section */
		1CBC23FC2CDF01F6006A90FB /* Sources */ = {
			isa = PBXSourcesBuildPhase;
			buildActionMask = 2147483647;
			files = (
				1CBC24182CDF03F9006A90FB /* Contact.swift in Sources */,
				1CBC241E2CDF0D02006A90FB /* ContactListView.swift in Sources */,
				1CBC24132CDF025E006A90FB /* AgendaAppModel.xcdatamodeld in Sources */,
				1CBC24062CDF01F6006A90FB /* ContentView.swift in Sources */,
				1CBC24202CDF10B5006A90FB /* ContactDetailView.swift in Sources */,
				1CBC241C2CDF08A4006A90FB /* ContactListViewModel.swift in Sources */,
				1CBC24042CDF01F6006A90FB /* AgendaAppApp.swift in Sources */,
				1CBC241A2CDF06A4006A90FB /* PersistenceController.swift in Sources */,
			);
			runOnlyForDeploymentPostprocessing = 0;
		};
/* End PBXSourcesBuildPhase section */

/* Begin XCBuildConfiguration section */
		1CBC240C2CDF01F7006A90FB /* Debug */ = {
			isa = XCBuildConfiguration;
			buildSettings = {
				ALWAYS_SEARCH_USER_PATHS = NO;
				ASSETCATALOG_COMPILER_GENERATE_SWIFT_ASSET_SYMBOL_EXTENSIONS = YES;
				CLANG_ANALYZER_NONNULL = YES;
				CLANG_ANALYZER_NUMBER_OBJECT_CONVERSION = YES_AGGRESSIVE;
				CLANG_CXX_LANGUAGE_STANDARD = "gnu++20";
				CLANG_ENABLE_MODULES = YES;
				CLANG_ENABLE_OBJC_ARC = YES;
				CLANG_ENABLE_OBJC_WEAK = YES;
				CLANG_WARN_BLOCK_CAPTURE_AUTORELEASING = YES;
				CLANG_WARN_BOOL_CONVERSION = YES;
				CLANG_WARN_COMMA = YES;
				CLANG_WARN_CONSTANT_CONVERSION = YES;
				CLANG_WARN_DEPRECATED_OBJC_IMPLEMENTATIONS = YES;
				CLANG_WARN_DIRECT_OBJC_ISA_USAGE = YES_ERROR;
				CLANG_WARN_DOCUMENTATION_COMMENTS = YES;
				CLANG_WARN_EMPTY_BODY = YES;
				CLANG_WARN_ENUM_CONVERSION = YES;
				CLANG_WARN_INFINITE_RECURSION = YES;
				CLANG_WARN_INT_CONVERSION = YES;
				CLANG_WARN_NON_LITERAL_NULL_CONVERSION = YES;
				CLANG_WARN_OBJC_IMPLICIT_RETAIN_SELF = YES;
				CLANG_WARN_OBJC_LITERAL_CONVERSION = YES;
				CLANG_WARN_OBJC_ROOT_CLASS = YES_ERROR;
				CLANG_WARN_QUOTED_INCLUDE_IN_FRAMEWORK_HEADER = YES;
				CLANG_WARN_RANGE_LOOP_ANALYSIS = YES;
				CLANG_WARN_STRICT_PROTOTYPES = YES;
				CLANG_WARN_SUSPICIOUS_MOVE = YES;
				CLANG_WARN_UNGUARDED_AVAILABILITY = YES_AGGRESSIVE;
				CLANG_WARN_UNREACHABLE_CODE = YES;
				CLANG_WARN__DUPLICATE_METHOD_MATCH = YES;
				COPY_PHASE_STRIP = NO;
				DEBUG_INFORMATION_FORMAT = dwarf;
				ENABLE_STRICT_OBJC_MSGSEND = YES;
				ENABLE_TESTABILITY = YES;
				ENABLE_USER_SCRIPT_SANDBOXING = YES;
				GCC_C_LANGUAGE_STANDARD = gnu17;
				GCC_DYNAMIC_NO_PIC = NO;
				GCC_NO_COMMON_BLOCKS = YES;
				GCC_OPTIMIZATION_LEVEL = 0;
				GCC_PREPROCESSOR_DEFINITIONS = (
					"DEBUG=1",
					"$(inherited)",
				);
				GCC_WARN_64_TO_32_BIT_CONVERSION = YES;
				GCC_WARN_ABOUT_RETURN_TYPE = YES_ERROR;
				GCC_WARN_UNDECLARED_SELECTOR = YES;
				GCC_WARN_UNINITIALIZED_AUTOS = YES_AGGRESSIVE;
				GCC_WARN_UNUSED_FUNCTION = YES;
				GCC_WARN_UNUSED_VARIABLE = YES;
				IPHONEOS_DEPLOYMENT_TARGET = 17.2;
				LOCALIZATION_PREFERS_STRING_CATALOGS = YES;
				MTL_ENABLE_DEBUG_INFO = INCLUDE_SOURCE;
				MTL_FAST_MATH = YES;
				ONLY_ACTIVE_ARCH = YES;
				SDKROOT = iphoneos;
				SWIFT_ACTIVE_COMPILATION_CONDITIONS = "DEBUG $(inherited)";
				SWIFT_OPTIMIZATION_LEVEL = "-Onone";
			};
			name = Debug;
		};
		1CBC240D2CDF01F7006A90FB /* Release */ = {
			isa = XCBuildConfiguration;
			buildSettings = {
				ALWAYS_SEARCH_USER_PATHS = NO;
				ASSETCATALOG_COMPILER_GENERATE_SWIFT_ASSET_SYMBOL_EXTENSIONS = YES;
				CLANG_ANALYZER_NONNULL = YES;
				CLANG_ANALYZER_NUMBER_OBJECT_CONVERSION = YES_AGGRESSIVE;
				CLANG_CXX_LANGUAGE_STANDARD = "gnu++20";
				CLANG_ENABLE_MODULES = YES;
				CLANG_ENABLE_OBJC_ARC = YES;
				CLANG_ENABLE_OBJC_WEAK = YES;
				CLANG_WARN_BLOCK_CAPTURE_AUTORELEASING = YES;
				CLANG_WARN_BOOL_CONVERSION = YES;
				CLANG_WARN_COMMA = YES;
				CLANG_WARN_CONSTANT_CONVERSION = YES;
				CLANG_WARN_DEPRECATED_OBJC_IMPLEMENTATIONS = YES;
				CLANG_WARN_DIRECT_OBJC_ISA_USAGE = YES_ERROR;
				CLANG_WARN_DOCUMENTATION_COMMENTS = YES;
				CLANG_WARN_EMPTY_BODY = YES;
				CLANG_WARN_ENUM_CONVERSION = YES;
				CLANG_WARN_INFINITE_RECURSION = YES;
				CLANG_WARN_INT_CONVERSION = YES;
				CLANG_WARN_NON_LITERAL_NULL_CONVERSION = YES;
				CLANG_WARN_OBJC_IMPLICIT_RETAIN_SELF = YES;
				CLANG_WARN_OBJC_LITERAL_CONVERSION = YES;
				CLANG_WARN_OBJC_ROOT_CLASS = YES_ERROR;
				CLANG_WARN_QUOTED_INCLUDE_IN_FRAMEWORK_HEADER = YES;
				CLANG_WARN_RANGE_LOOP_ANALYSIS = YES;
				CLANG_WARN_STRICT_PROTOTYPES = YES;
				CLANG_WARN_SUSPICIOUS_MOVE = YES;
				CLANG_WARN_UNGUARDED_AVAILABILITY = YES_AGGRESSIVE;
				CLANG_WARN_UNREACHABLE_CODE = YES;
				CLANG_WARN__DUPLICATE_METHOD_MATCH = YES;
				COPY_PHASE_STRIP = NO;
				DEBUG_INFORMATION_FORMAT = "dwarf-with-dsym";
				ENABLE_NS_ASSERTIONS = NO;
				ENABLE_STRICT_OBJC_MSGSEND = YES;
				ENABLE_USER_SCRIPT_SANDBOXING = YES;
				GCC_C_LANGUAGE_STANDARD = gnu17;
				GCC_NO_COMMON_BLOCKS = YES;
				GCC_WARN_64_TO_32_BIT_CONVERSION = YES;
				GCC_WARN_ABOUT_RETURN_TYPE = YES_ERROR;
				GCC_WARN_UNDECLARED_SELECTOR = YES;
				GCC_WARN_UNINITIALIZED_AUTOS = YES_AGGRESSIVE;
				GCC_WARN_UNUSED_FUNCTION = YES;
				GCC_WARN_UNUSED_VARIABLE = YES;
				IPHONEOS_DEPLOYMENT_TARGET = 17.2;
				LOCALIZATION_PREFERS_STRING_CATALOGS = YES;
				MTL_ENABLE_DEBUG_INFO = NO;
				MTL_FAST_MATH = YES;
				SDKROOT = iphoneos;
				SWIFT_COMPILATION_MODE = wholemodule;
				VALIDATE_PRODUCT = YES;
			};
			name = Release;
		};
		1CBC240F2CDF01F7006A90FB /* Debug */ = {
			isa = XCBuildConfiguration;
			buildSettings = {
				ASSETCATALOG_COMPILER_APPICON_NAME = AppIcon;
				ASSETCATALOG_COMPILER_GLOBAL_ACCENT_COLOR_NAME = AccentColor;
				CODE_SIGN_STYLE = Automatic;
				CURRENT_PROJECT_VERSION = 1;
				DEVELOPMENT_ASSET_PATHS = "\"AgendaApp/Preview Content\"";
				ENABLE_PREVIEWS = YES;
				GENERATE_INFOPLIST_FILE = YES;
				INFOPLIST_KEY_UIApplicationSceneManifest_Generation = YES;
				INFOPLIST_KEY_UIApplicationSupportsIndirectInputEvents = YES;
				INFOPLIST_KEY_UILaunchScreen_Generation = YES;
				INFOPLIST_KEY_UISupportedInterfaceOrientations_iPad = "UIInterfaceOrientationPortrait UIInterfaceOrientationPortraitUpsideDown UIInterfaceOrientationLandscapeLeft UIInterfaceOrientationLandscapeRight";
				INFOPLIST_KEY_UISupportedInterfaceOrientations_iPhone = "UIInterfaceOrientationPortrait UIInterfaceOrientationLandscapeLeft UIInterfaceOrientationLandscapeRight";
				LD_RUNPATH_SEARCH_PATHS = (
					"$(inherited)",
					"@executable_path/Frameworks",
				);
				MARKETING_VERSION = 1.0;
				PRODUCT_BUNDLE_IDENTIFIER = pe.isil.AgendaApp;
				PRODUCT_NAME = "$(TARGET_NAME)";
				SWIFT_EMIT_LOC_STRINGS = YES;
				SWIFT_VERSION = 5.0;
				TARGETED_DEVICE_FAMILY = "1,2";
			};
			name = Debug;
		};
		1CBC24102CDF01F7006A90FB /* Release */ = {
			isa = XCBuildConfiguration;
			buildSettings = {
				ASSETCATALOG_COMPILER_APPICON_NAME = AppIcon;
				ASSETCATALOG_COMPILER_GLOBAL_ACCENT_COLOR_NAME = AccentColor;
				CODE_SIGN_STYLE = Automatic;
				CURRENT_PROJECT_VERSION = 1;
				DEVELOPMENT_ASSET_PATHS = "\"AgendaApp/Preview Content\"";
				ENABLE_PREVIEWS = YES;
				GENERATE_INFOPLIST_FILE = YES;
				INFOPLIST_KEY_UIApplicationSceneManifest_Generation = YES;
				INFOPLIST_KEY_UIApplicationSupportsIndirectInputEvents = YES;
				INFOPLIST_KEY_UILaunchScreen_Generation = YES;
				INFOPLIST_KEY_UISupportedInterfaceOrientations_iPad = "UIInterfaceOrientationPortrait UIInterfaceOrientationPortraitUpsideDown UIInterfaceOrientationLandscapeLeft UIInterfaceOrientationLandscapeRight";
				INFOPLIST_KEY_UISupportedInterfaceOrientations_iPhone = "UIInterfaceOrientationPortrait UIInterfaceOrientationLandscapeLeft UIInterfaceOrientationLandscapeRight";
				LD_RUNPATH_SEARCH_PATHS = (
					"$(inherited)",
					"@executable_path/Frameworks",
				);
				MARKETING_VERSION = 1.0;
				PRODUCT_BUNDLE_IDENTIFIER = pe.isil.AgendaApp;
				PRODUCT_NAME = "$(TARGET_NAME)";
				SWIFT_EMIT_LOC_STRINGS = YES;
				SWIFT_VERSION = 5.0;
				TARGETED_DEVICE_FAMILY = "1,2";
			};
			name = Release;
		};
/* End XCBuildConfiguration section */

/* Begin XCConfigurationList section */
		1CBC23FB2CDF01F6006A90FB /* Build configuration list for PBXProject "AgendaApp" */ = {
			isa = XCConfigurationList;
			buildConfigurations = (
				1CBC240C2CDF01F7006A90FB /* Debug */,
				1CBC240D2CDF01F7006A90FB /* Release */,
			);
			defaultConfigurationIsVisible = 0;
			defaultConfigurationName = Release;
		};
		1CBC240E2CDF01F7006A90FB /* Build configuration list for PBXNativeTarget "AgendaApp" */ = {
			isa = XCConfigurationList;
			buildConfigurations = (
				1CBC240F2CDF01F7006A90FB /* Debug */,
				1CBC24102CDF01F7006A90FB /* Release */,
			);
			defaultConfigurationIsVisible = 0;
			defaultConfigurationName = Release;
		};
/* End XCConfigurationList section */

/* Begin XCVersionGroup section */
		1CBC24112CDF025E006A90FB /* AgendaAppModel.xcdatamodeld */ = {
			isa = XCVersionGroup;
			children = (
				1CBC24122CDF025E006A90FB /* AgendaAppModel.xcdatamodel */,
			);
			currentVersion = 1CBC24122CDF025E006A90FB /* AgendaAppModel.xcdatamodel */;
			path = AgendaAppModel.xcdatamodeld;
			sourceTree = "<group>";
			versionGroupType = wrapper.xcdatamodel;
		};
/* End XCVersionGroup section */
	};
	rootObject = 1CBC23F82CDF01F6006A90FB /* Project object */;
}
