// !$*UTF8*$!
{
	archiveVersion = 1;
	classes = {
	};
	objectVersion = 60;
	objects = {

/* Begin PBXBuildFile section */
		9D0490DB2CFAB6BC000E6E82 /* GoogleMapView.swift in Sources */ = {isa = PBXBuildFile; fileRef = 9D0490DA2CFAB6BC000E6E82 /* GoogleMapView.swift */; };
		9D0490DE2CFABD17000E6E82 /* EatExplorerModel.xcdatamodeld in Sources */ = {isa = PBXBuildFile; fileRef = 9D0490DC2CFABD17000E6E82 /* EatExplorerModel.xcdatamodeld */; };
		9D0490E12CFABDCC000E6E82 /* RestaurantEntity.swift in Sources */ = {isa = PBXBuildFile; fileRef = 9D0490E02CFABDC4000E6E82 /* RestaurantEntity.swift */; };
		9D0490E32CFABF87000E6E82 /* PersistenceHelper.swift in Sources */ = {isa = PBXBuildFile; fileRef = 9D0490E22CFABF87000E6E82 /* PersistenceHelper.swift */; };
		9D0490E52CFABFFB000E6E82 /* RestaurantDAO.swift in Sources */ = {isa = PBXBuildFile; fileRef = 9D0490E42CFABFFB000E6E82 /* RestaurantDAO.swift */; };
		9D9B4CD82CFA95890078A531 /* ContentView.swift in Sources */ = {isa = PBXBuildFile; fileRef = 9D9B4CD52CFA95890078A531 /* ContentView.swift */; };
		9D9B4CD92CFA95890078A531 /* EatExplorerApp.swift in Sources */ = {isa = PBXBuildFile; fileRef = 9D9B4CD62CFA95890078A531 /* EatExplorerApp.swift */; };
		9D9B4CDA2CFA95890078A531 /* Preview Assets.xcassets in Resources */ = {isa = PBXBuildFile; fileRef = 9D9B4CD22CFA95890078A531 /* Preview Assets.xcassets */; };
		9D9B4CDB2CFA95890078A531 /* Assets.xcassets in Resources */ = {isa = PBXBuildFile; fileRef = 9D9B4CD42CFA95890078A531 /* Assets.xcassets */; };
		9D9B4CE12CFA96980078A531 /* HttpRequestHelper.swift in Sources */ = {isa = PBXBuildFile; fileRef = 9D9B4CE02CFA96980078A531 /* HttpRequestHelper.swift */; };
		9D9B4CE32CFA97A10078A531 /* RestaurantResponse.swift in Sources */ = {isa = PBXBuildFile; fileRef = 9D9B4CE22CFA97A10078A531 /* RestaurantResponse.swift */; };
		9D9B4CE62CFA990B0078A531 /* Restaurant.swift in Sources */ = {isa = PBXBuildFile; fileRef = 9D9B4CE52CFA990B0078A531 /* Restaurant.swift */; };
		9D9B4CE82CFA9B3A0078A531 /* RestaurantService.swift in Sources */ = {isa = PBXBuildFile; fileRef = 9D9B4CE72CFA9B2F0078A531 /* RestaurantService.swift */; };
		9D9B4CEA2CFA9F6B0078A531 /* RestaurantListViewModel.swift in Sources */ = {isa = PBXBuildFile; fileRef = 9D9B4CE92CFA9F550078A531 /* RestaurantListViewModel.swift */; };
		9D9B4CEC2CFAA1080078A531 /* RestaurantListView.swift in Sources */ = {isa = PBXBuildFile; fileRef = 9D9B4CEB2CFAA1080078A531 /* RestaurantListView.swift */; };
		9D9B4CEE2CFAAC290078A531 /* RestaurantListItemView.swift in Sources */ = {isa = PBXBuildFile; fileRef = 9D9B4CED2CFAAC290078A531 /* RestaurantListItemView.swift */; };
		9D9B4CF02CFAAFF90078A531 /* RestaurantDetailView.swift in Sources */ = {isa = PBXBuildFile; fileRef = 9D9B4CEF2CFAAFF90078A531 /* RestaurantDetailView.swift */; };
		9D9B4CF32CFAB3880078A531 /* GoogleMaps in Frameworks */ = {isa = PBXBuildFile; productRef = 9D9B4CF22CFAB3880078A531 /* GoogleMaps */; };
		9D9B4CF52CFAB3B90078A531 /* GoogleMapHelper.swift in Sources */ = {isa = PBXBuildFile; fileRef = 9D9B4CF42CFAB3B10078A531 /* GoogleMapHelper.swift */; };
/* End PBXBuildFile section */

/* Begin PBXFileReference section */
		9D0490DA2CFAB6BC000E6E82 /* GoogleMapView.swift */ = {isa = PBXFileReference; lastKnownFileType = sourcecode.swift; path = GoogleMapView.swift; sourceTree = "<group>"; };
		9D0490DD2CFABD17000E6E82 /* EatExplorerModel.xcdatamodel */ = {isa = PBXFileReference; lastKnownFileType = wrapper.xcdatamodel; path = EatExplorerModel.xcdatamodel; sourceTree = "<group>"; };
		9D0490E02CFABDC4000E6E82 /* RestaurantEntity.swift */ = {isa = PBXFileReference; lastKnownFileType = sourcecode.swift; path = RestaurantEntity.swift; sourceTree = "<group>"; };
		9D0490E22CFABF87000E6E82 /* PersistenceHelper.swift */ = {isa = PBXFileReference; lastKnownFileType = sourcecode.swift; path = PersistenceHelper.swift; sourceTree = "<group>"; };
		9D0490E42CFABFFB000E6E82 /* RestaurantDAO.swift */ = {isa = PBXFileReference; lastKnownFileType = sourcecode.swift; path = RestaurantDAO.swift; sourceTree = "<group>"; };
		9D9B4CC12CFA93270078A531 /* EatExplorer.app */ = {isa = PBXFileReference; explicitFileType = wrapper.application; includeInIndex = 0; path = EatExplorer.app; sourceTree = BUILT_PRODUCTS_DIR; };
		9D9B4CD22CFA95890078A531 /* Preview Assets.xcassets */ = {isa = PBXFileReference; lastKnownFileType = folder.assetcatalog; path = "Preview Assets.xcassets"; sourceTree = "<group>"; };
		9D9B4CD42CFA95890078A531 /* Assets.xcassets */ = {isa = PBXFileReference; lastKnownFileType = folder.assetcatalog; path = Assets.xcassets; sourceTree = "<group>"; };
		9D9B4CD52CFA95890078A531 /* ContentView.swift */ = {isa = PBXFileReference; lastKnownFileType = sourcecode.swift; path = ContentView.swift; sourceTree = "<group>"; };
		9D9B4CD62CFA95890078A531 /* EatExplorerApp.swift */ = {isa = PBXFileReference; lastKnownFileType = sourcecode.swift; path = EatExplorerApp.swift; sourceTree = "<group>"; };
		9D9B4CE02CFA96980078A531 /* HttpRequestHelper.swift */ = {isa = PBXFileReference; lastKnownFileType = sourcecode.swift; path = HttpRequestHelper.swift; sourceTree = "<group>"; };
		9D9B4CE22CFA97A10078A531 /* RestaurantResponse.swift */ = {isa = PBXFileReference; lastKnownFileType = sourcecode.swift; path = RestaurantResponse.swift; sourceTree = "<group>"; };
		9D9B4CE52CFA990B0078A531 /* Restaurant.swift */ = {isa = PBXFileReference; lastKnownFileType = sourcecode.swift; path = Restaurant.swift; sourceTree = "<group>"; };
		9D9B4CE72CFA9B2F0078A531 /* RestaurantService.swift */ = {isa = PBXFileReference; lastKnownFileType = sourcecode.swift; path = RestaurantService.swift; sourceTree = "<group>"; };
		9D9B4CE92CFA9F550078A531 /* RestaurantListViewModel.swift */ = {isa = PBXFileReference; lastKnownFileType = sourcecode.swift; path = RestaurantListViewModel.swift; sourceTree = "<group>"; };
		9D9B4CEB2CFAA1080078A531 /* RestaurantListView.swift */ = {isa = PBXFileReference; lastKnownFileType = sourcecode.swift; path = RestaurantListView.swift; sourceTree = "<group>"; };
		9D9B4CED2CFAAC290078A531 /* RestaurantListItemView.swift */ = {isa = PBXFileReference; lastKnownFileType = sourcecode.swift; path = RestaurantListItemView.swift; sourceTree = "<group>"; };
		9D9B4CEF2CFAAFF90078A531 /* RestaurantDetailView.swift */ = {isa = PBXFileReference; lastKnownFileType = sourcecode.swift; path = RestaurantDetailView.swift; sourceTree = "<group>"; };
		9D9B4CF42CFAB3B10078A531 /* GoogleMapHelper.swift */ = {isa = PBXFileReference; lastKnownFileType = sourcecode.swift; path = GoogleMapHelper.swift; sourceTree = "<group>"; };
/* End PBXFileReference section */

/* Begin PBXFrameworksBuildPhase section */
		9D9B4CBE2CFA93270078A531 /* Frameworks */ = {
			isa = PBXFrameworksBuildPhase;
			buildActionMask = 2147483647;
			files = (
				9D9B4CF32CFAB3880078A531 /* GoogleMaps in Frameworks */,
			);
			runOnlyForDeploymentPostprocessing = 0;
		};
/* End PBXFrameworksBuildPhase section */

/* Begin PBXGroup section */
		9D0490DF2CFABDB4000E6E82 /* DAO */ = {
			isa = PBXGroup;
			children = (
				9D0490E02CFABDC4000E6E82 /* RestaurantEntity.swift */,
				9D0490E42CFABFFB000E6E82 /* RestaurantDAO.swift */,
			);
			path = DAO;
			sourceTree = "<group>";
		};
		9D9B4CB82CFA93270078A531 = {
			isa = PBXGroup;
			children = (
				9D9B4CD72CFA95890078A531 /* EatExplorer */,
				9D9B4CC22CFA93270078A531 /* Products */,
			);
			sourceTree = "<group>";
		};
		9D9B4CC22CFA93270078A531 /* Products */ = {
			isa = PBXGroup;
			children = (
				9D9B4CC12CFA93270078A531 /* EatExplorer.app */,
			);
			name = Products;
			sourceTree = "<group>";
		};
		9D9B4CD32CFA95890078A531 /* Preview Content */ = {
			isa = PBXGroup;
			children = (
				9D9B4CD22CFA95890078A531 /* Preview Assets.xcassets */,
			);
			path = "Preview Content";
			sourceTree = "<group>";
		};
		9D9B4CD72CFA95890078A531 /* EatExplorer */ = {
			isa = PBXGroup;
			children = (
				9D0490DF2CFABDB4000E6E82 /* DAO */,
				9D9B4CE42CFA98F10078A531 /* Models */,
				9D9B4CDF2CFA95F10078A531 /* Services */,
				9D9B4CDE2CFA95EB0078A531 /* Helpers */,
				9D9B4CDD2CFA95E50078A531 /* ViewModels */,
				9D9B4CDC2CFA95BD0078A531 /* Views */,
				9D9B4CD32CFA95890078A531 /* Preview Content */,
				9D9B4CD42CFA95890078A531 /* Assets.xcassets */,
				9D9B4CD52CFA95890078A531 /* ContentView.swift */,
				9D9B4CD62CFA95890078A531 /* EatExplorerApp.swift */,
				9D0490DC2CFABD17000E6E82 /* EatExplorerModel.xcdatamodeld */,
			);
			path = EatExplorer;
			sourceTree = "<group>";
		};
		9D9B4CDC2CFA95BD0078A531 /* Views */ = {
			isa = PBXGroup;
			children = (
				9D9B4CEB2CFAA1080078A531 /* RestaurantListView.swift */,
				9D9B4CED2CFAAC290078A531 /* RestaurantListItemView.swift */,
				9D9B4CEF2CFAAFF90078A531 /* RestaurantDetailView.swift */,
				9D0490DA2CFAB6BC000E6E82 /* GoogleMapView.swift */,
			);
			path = Views;
			sourceTree = "<group>";
		};
		9D9B4CDD2CFA95E50078A531 /* ViewModels */ = {
			isa = PBXGroup;
			children = (
				9D9B4CE92CFA9F550078A531 /* RestaurantListViewModel.swift */,
			);
			path = ViewModels;
			sourceTree = "<group>";
		};
		9D9B4CDE2CFA95EB0078A531 /* Helpers */ = {
			isa = PBXGroup;
			children = (
				9D9B4CF42CFAB3B10078A531 /* GoogleMapHelper.swift */,
				9D9B4CE02CFA96980078A531 /* HttpRequestHelper.swift */,
				9D0490E22CFABF87000E6E82 /* PersistenceHelper.swift */,
			);
			path = Helpers;
			sourceTree = "<group>";
		};
		9D9B4CDF2CFA95F10078A531 /* Services */ = {
			isa = PBXGroup;
			children = (
				9D9B4CE72CFA9B2F0078A531 /* RestaurantService.swift */,
				9D9B4CE22CFA97A10078A531 /* RestaurantResponse.swift */,
			);
			path = Services;
			sourceTree = "<group>";
		};
		9D9B4CE42CFA98F10078A531 /* Models */ = {
			isa = PBXGroup;
			children = (
				9D9B4CE52CFA990B0078A531 /* Restaurant.swift */,
			);
			path = Models;
			sourceTree = "<group>";
		};
/* End PBXGroup section */

/* Begin PBXNativeTarget section */
		9D9B4CC02CFA93270078A531 /* EatExplorer */ = {
			isa = PBXNativeTarget;
			buildConfigurationList = 9D9B4CCF2CFA93290078A531 /* Build configuration list for PBXNativeTarget "EatExplorer" */;
			buildPhases = (
				9D9B4CBD2CFA93270078A531 /* Sources */,
				9D9B4CBE2CFA93270078A531 /* Frameworks */,
				9D9B4CBF2CFA93270078A531 /* Resources */,
			);
			buildRules = (
			);
			dependencies = (
			);
			name = EatExplorer;
			packageProductDependencies = (
				9D9B4CF22CFAB3880078A531 /* GoogleMaps */,
			);
			productName = EatExplorer;
			productReference = 9D9B4CC12CFA93270078A531 /* EatExplorer.app */;
			productType = "com.apple.product-type.application";
		};
/* End PBXNativeTarget section */

/* Begin PBXProject section */
		9D9B4CB92CFA93270078A531 /* Project object */ = {
			isa = PBXProject;
			attributes = {
				BuildIndependentTargetsInParallel = 1;
				LastSwiftUpdateCheck = 1610;
				LastUpgradeCheck = 1610;
				TargetAttributes = {
					9D9B4CC02CFA93270078A531 = {
						CreatedOnToolsVersion = 16.1;
					};
				};
			};
			buildConfigurationList = 9D9B4CBC2CFA93270078A531 /* Build configuration list for PBXProject "EatExplorer" */;
			compatibilityVersion = "Xcode 15.0";
			developmentRegion = en;
			hasScannedForEncodings = 0;
			knownRegions = (
				en,
				Base,
			);
			mainGroup = 9D9B4CB82CFA93270078A531;
			packageReferences = (
				9D9B4CF12CFAB3880078A531 /* XCRemoteSwiftPackageReference "ios-maps-sdk" */,
			);
			productRefGroup = 9D9B4CC22CFA93270078A531 /* Products */;
			projectDirPath = "";
			projectRoot = "";
			targets = (
				9D9B4CC02CFA93270078A531 /* EatExplorer */,
			);
		};
/* End PBXProject section */

/* Begin PBXResourcesBuildPhase section */
		9D9B4CBF2CFA93270078A531 /* Resources */ = {
			isa = PBXResourcesBuildPhase;
			buildActionMask = 2147483647;
			files = (
				9D9B4CDA2CFA95890078A531 /* Preview Assets.xcassets in Resources */,
				9D9B4CDB2CFA95890078A531 /* Assets.xcassets in Resources */,
			);
			runOnlyForDeploymentPostprocessing = 0;
		};
/* End PBXResourcesBuildPhase section */

/* Begin PBXSourcesBuildPhase section */
		9D9B4CBD2CFA93270078A531 /* Sources */ = {
			isa = PBXSourcesBuildPhase;
			buildActionMask = 2147483647;
			files = (
				9D0490DB2CFAB6BC000E6E82 /* GoogleMapView.swift in Sources */,
				9D9B4CE62CFA990B0078A531 /* Restaurant.swift in Sources */,
				9D9B4CF52CFAB3B90078A531 /* GoogleMapHelper.swift in Sources */,
				9D0490E12CFABDCC000E6E82 /* RestaurantEntity.swift in Sources */,
				9D9B4CD82CFA95890078A531 /* ContentView.swift in Sources */,
				9D9B4CEA2CFA9F6B0078A531 /* RestaurantListViewModel.swift in Sources */,
				9D9B4CEE2CFAAC290078A531 /* RestaurantListItemView.swift in Sources */,
				9D9B4CEC2CFAA1080078A531 /* RestaurantListView.swift in Sources */,
				9D9B4CD92CFA95890078A531 /* EatExplorerApp.swift in Sources */,
				9D9B4CF02CFAAFF90078A531 /* RestaurantDetailView.swift in Sources */,
				9D9B4CE12CFA96980078A531 /* HttpRequestHelper.swift in Sources */,
				9D0490E52CFABFFB000E6E82 /* RestaurantDAO.swift in Sources */,
				9D9B4CE82CFA9B3A0078A531 /* RestaurantService.swift in Sources */,
				9D0490DE2CFABD17000E6E82 /* EatExplorerModel.xcdatamodeld in Sources */,
				9D0490E32CFABF87000E6E82 /* PersistenceHelper.swift in Sources */,
				9D9B4CE32CFA97A10078A531 /* RestaurantResponse.swift in Sources */,
			);
			runOnlyForDeploymentPostprocessing = 0;
		};
/* End PBXSourcesBuildPhase section */

/* Begin XCBuildConfiguration section */
		9D9B4CCD2CFA93290078A531 /* Debug */ = {
			isa = XCBuildConfiguration;
			buildSettings = {
				ALWAYS_SEARCH_USER_PATHS = NO;
				ASSETCATALOG_COMPILER_GENERATE_SWIFT_ASSET_SYMBOL_EXTENSIONS = YES;
				CLANG_ANALYZER_NONNULL = YES;
				CLANG_ANALYZER_NUMBER_OBJECT_CONVERSION = YES_AGGRESSIVE;
				CLANG_CXX_LANGUAGE_STANDARD = "gnu++20";
				CLANG_ENABLE_MODULES = YES;
				CLANG_ENABLE_OBJC_ARC = YES;
				CLANG_ENABLE_OBJC_WEAK = YES;
				CLANG_WARN_BLOCK_CAPTURE_AUTORELEASING = YES;
				CLANG_WARN_BOOL_CONVERSION = YES;
				CLANG_WARN_COMMA = YES;
				CLANG_WARN_CONSTANT_CONVERSION = YES;
				CLANG_WARN_DEPRECATED_OBJC_IMPLEMENTATIONS = YES;
				CLANG_WARN_DIRECT_OBJC_ISA_USAGE = YES_ERROR;
				CLANG_WARN_DOCUMENTATION_COMMENTS = YES;
				CLANG_WARN_EMPTY_BODY = YES;
				CLANG_WARN_ENUM_CONVERSION = YES;
				CLANG_WARN_INFINITE_RECURSION = YES;
				CLANG_WARN_INT_CONVERSION = YES;
				CLANG_WARN_NON_LITERAL_NULL_CONVERSION = YES;
				CLANG_WARN_OBJC_IMPLICIT_RETAIN_SELF = YES;
				CLANG_WARN_OBJC_LITERAL_CONVERSION = YES;
				CLANG_WARN_OBJC_ROOT_CLASS = YES_ERROR;
				CLANG_WARN_QUOTED_INCLUDE_IN_FRAMEWORK_HEADER = YES;
				CLANG_WARN_RANGE_LOOP_ANALYSIS = YES;
				CLANG_WARN_STRICT_PROTOTYPES = YES;
				CLANG_WARN_SUSPICIOUS_MOVE = YES;
				CLANG_WARN_UNGUARDED_AVAILABILITY = YES_AGGRESSIVE;
				CLANG_WARN_UNREACHABLE_CODE = YES;
				CLANG_WARN__DUPLICATE_METHOD_MATCH = YES;
				COPY_PHASE_STRIP = NO;
				DEBUG_INFORMATION_FORMAT = dwarf;
				ENABLE_STRICT_OBJC_MSGSEND = YES;
				ENABLE_TESTABILITY = YES;
				ENABLE_USER_SCRIPT_SANDBOXING = YES;
				GCC_C_LANGUAGE_STANDARD = gnu17;
				GCC_DYNAMIC_NO_PIC = NO;
				GCC_NO_COMMON_BLOCKS = YES;
				GCC_OPTIMIZATION_LEVEL = 0;
				GCC_PREPROCESSOR_DEFINITIONS = (
					"DEBUG=1",
					"$(inherited)",
				);
				GCC_WARN_64_TO_32_BIT_CONVERSION = YES;
				GCC_WARN_ABOUT_RETURN_TYPE = YES_ERROR;
				GCC_WARN_UNDECLARED_SELECTOR = YES;
				GCC_WARN_UNINITIALIZED_AUTOS = YES_AGGRESSIVE;
				GCC_WARN_UNUSED_FUNCTION = YES;
				GCC_WARN_UNUSED_VARIABLE = YES;
				IPHONEOS_DEPLOYMENT_TARGET = 18.1;
				LOCALIZATION_PREFERS_STRING_CATALOGS = YES;
				MTL_ENABLE_DEBUG_INFO = INCLUDE_SOURCE;
				MTL_FAST_MATH = YES;
				ONLY_ACTIVE_ARCH = YES;
				SDKROOT = iphoneos;
				SWIFT_ACTIVE_COMPILATION_CONDITIONS = "DEBUG $(inherited)";
				SWIFT_OPTIMIZATION_LEVEL = "-Onone";
			};
			name = Debug;
		};
		9D9B4CCE2CFA93290078A531 /* Release */ = {
			isa = XCBuildConfiguration;
			buildSettings = {
				ALWAYS_SEARCH_USER_PATHS = NO;
				ASSETCATALOG_COMPILER_GENERATE_SWIFT_ASSET_SYMBOL_EXTENSIONS = YES;
				CLANG_ANALYZER_NONNULL = YES;
				CLANG_ANALYZER_NUMBER_OBJECT_CONVERSION = YES_AGGRESSIVE;
				CLANG_CXX_LANGUAGE_STANDARD = "gnu++20";
				CLANG_ENABLE_MODULES = YES;
				CLANG_ENABLE_OBJC_ARC = YES;
				CLANG_ENABLE_OBJC_WEAK = YES;
				CLANG_WARN_BLOCK_CAPTURE_AUTORELEASING = YES;
				CLANG_WARN_BOOL_CONVERSION = YES;
				CLANG_WARN_COMMA = YES;
				CLANG_WARN_CONSTANT_CONVERSION = YES;
				CLANG_WARN_DEPRECATED_OBJC_IMPLEMENTATIONS = YES;
				CLANG_WARN_DIRECT_OBJC_ISA_USAGE = YES_ERROR;
				CLANG_WARN_DOCUMENTATION_COMMENTS = YES;
				CLANG_WARN_EMPTY_BODY = YES;
				CLANG_WARN_ENUM_CONVERSION = YES;
				CLANG_WARN_INFINITE_RECURSION = YES;
				CLANG_WARN_INT_CONVERSION = YES;
				CLANG_WARN_NON_LITERAL_NULL_CONVERSION = YES;
				CLANG_WARN_OBJC_IMPLICIT_RETAIN_SELF = YES;
				CLANG_WARN_OBJC_LITERAL_CONVERSION = YES;
				CLANG_WARN_OBJC_ROOT_CLASS = YES_ERROR;
				CLANG_WARN_QUOTED_INCLUDE_IN_FRAMEWORK_HEADER = YES;
				CLANG_WARN_RANGE_LOOP_ANALYSIS = YES;
				CLANG_WARN_STRICT_PROTOTYPES = YES;
				CLANG_WARN_SUSPICIOUS_MOVE = YES;
				CLANG_WARN_UNGUARDED_AVAILABILITY = YES_AGGRESSIVE;
				CLANG_WARN_UNREACHABLE_CODE = YES;
				CLANG_WARN__DUPLICATE_METHOD_MATCH = YES;
				COPY_PHASE_STRIP = NO;
				DEBUG_INFORMATION_FORMAT = "dwarf-with-dsym";
				ENABLE_NS_ASSERTIONS = NO;
				ENABLE_STRICT_OBJC_MSGSEND = YES;
				ENABLE_USER_SCRIPT_SANDBOXING = YES;
				GCC_C_LANGUAGE_STANDARD = gnu17;
				GCC_NO_COMMON_BLOCKS = YES;
				GCC_WARN_64_TO_32_BIT_CONVERSION = YES;
				GCC_WARN_ABOUT_RETURN_TYPE = YES_ERROR;
				GCC_WARN_UNDECLARED_SELECTOR = YES;
				GCC_WARN_UNINITIALIZED_AUTOS = YES_AGGRESSIVE;
				GCC_WARN_UNUSED_FUNCTION = YES;
				GCC_WARN_UNUSED_VARIABLE = YES;
				IPHONEOS_DEPLOYMENT_TARGET = 18.1;
				LOCALIZATION_PREFERS_STRING_CATALOGS = YES;
				MTL_ENABLE_DEBUG_INFO = NO;
				MTL_FAST_MATH = YES;
				SDKROOT = iphoneos;
				SWIFT_COMPILATION_MODE = wholemodule;
				VALIDATE_PRODUCT = YES;
			};
			name = Release;
		};
		9D9B4CD02CFA93290078A531 /* Debug */ = {
			isa = XCBuildConfiguration;
			buildSettings = {
				ASSETCATALOG_COMPILER_APPICON_NAME = AppIcon;
				ASSETCATALOG_COMPILER_GLOBAL_ACCENT_COLOR_NAME = AccentColor;
				CODE_SIGN_STYLE = Automatic;
				CURRENT_PROJECT_VERSION = 1;
				DEVELOPMENT_ASSET_PATHS = "\"EatExplorer/Preview Content\"";
				ENABLE_PREVIEWS = YES;
				GENERATE_INFOPLIST_FILE = YES;
				INFOPLIST_KEY_UIApplicationSceneManifest_Generation = YES;
				INFOPLIST_KEY_UIApplicationSupportsIndirectInputEvents = YES;
				INFOPLIST_KEY_UILaunchScreen_Generation = YES;
				INFOPLIST_KEY_UISupportedInterfaceOrientations_iPad = "UIInterfaceOrientationPortrait UIInterfaceOrientationPortraitUpsideDown UIInterfaceOrientationLandscapeLeft UIInterfaceOrientationLandscapeRight";
				INFOPLIST_KEY_UISupportedInterfaceOrientations_iPhone = "UIInterfaceOrientationPortrait UIInterfaceOrientationLandscapeLeft UIInterfaceOrientationLandscapeRight";
				IPHONEOS_DEPLOYMENT_TARGET = 17.2;
				LD_RUNPATH_SEARCH_PATHS = (
					"$(inherited)",
					"@executable_path/Frameworks",
				);
				MARKETING_VERSION = 1.0;
				PRODUCT_BUNDLE_IDENTIFIER = pe.isil.EatExplorer;
				PRODUCT_NAME = "$(TARGET_NAME)";
				SWIFT_EMIT_LOC_STRINGS = YES;
				SWIFT_VERSION = 5.0;
				TARGETED_DEVICE_FAMILY = "1,2";
			};
			name = Debug;
		};
		9D9B4CD12CFA93290078A531 /* Release */ = {
			isa = XCBuildConfiguration;
			buildSettings = {
				ASSETCATALOG_COMPILER_APPICON_NAME = AppIcon;
				ASSETCATALOG_COMPILER_GLOBAL_ACCENT_COLOR_NAME = AccentColor;
				CODE_SIGN_STYLE = Automatic;
				CURRENT_PROJECT_VERSION = 1;
				DEVELOPMENT_ASSET_PATHS = "\"EatExplorer/Preview Content\"";
				ENABLE_PREVIEWS = YES;
				GENERATE_INFOPLIST_FILE = YES;
				INFOPLIST_KEY_UIApplicationSceneManifest_Generation = YES;
				INFOPLIST_KEY_UIApplicationSupportsIndirectInputEvents = YES;
				INFOPLIST_KEY_UILaunchScreen_Generation = YES;
				INFOPLIST_KEY_UISupportedInterfaceOrientations_iPad = "UIInterfaceOrientationPortrait UIInterfaceOrientationPortraitUpsideDown UIInterfaceOrientationLandscapeLeft UIInterfaceOrientationLandscapeRight";
				INFOPLIST_KEY_UISupportedInterfaceOrientations_iPhone = "UIInterfaceOrientationPortrait UIInterfaceOrientationLandscapeLeft UIInterfaceOrientationLandscapeRight";
				IPHONEOS_DEPLOYMENT_TARGET = 17.2;
				LD_RUNPATH_SEARCH_PATHS = (
					"$(inherited)",
					"@executable_path/Frameworks",
				);
				MARKETING_VERSION = 1.0;
				PRODUCT_BUNDLE_IDENTIFIER = pe.isil.EatExplorer;
				PRODUCT_NAME = "$(TARGET_NAME)";
				SWIFT_EMIT_LOC_STRINGS = YES;
				SWIFT_VERSION = 5.0;
				TARGETED_DEVICE_FAMILY = "1,2";
			};
			name = Release;
		};
/* End XCBuildConfiguration section */

/* Begin XCConfigurationList section */
		9D9B4CBC2CFA93270078A531 /* Build configuration list for PBXProject "EatExplorer" */ = {
			isa = XCConfigurationList;
			buildConfigurations = (
				9D9B4CCD2CFA93290078A531 /* Debug */,
				9D9B4CCE2CFA93290078A531 /* Release */,
			);
			defaultConfigurationIsVisible = 0;
			defaultConfigurationName = Release;
		};
		9D9B4CCF2CFA93290078A531 /* Build configuration list for PBXNativeTarget "EatExplorer" */ = {
			isa = XCConfigurationList;
			buildConfigurations = (
				9D9B4CD02CFA93290078A531 /* Debug */,
				9D9B4CD12CFA93290078A531 /* Release */,
			);
			defaultConfigurationIsVisible = 0;
			defaultConfigurationName = Release;
		};
/* End XCConfigurationList section */

/* Begin XCRemoteSwiftPackageReference section */
		9D9B4CF12CFAB3880078A531 /* XCRemoteSwiftPackageReference "ios-maps-sdk" */ = {
			isa = XCRemoteSwiftPackageReference;
			repositoryURL = "https://github.com/googlemaps/ios-maps-sdk";
			requirement = {
				kind = upToNextMajorVersion;
				minimumVersion = 9.2.0;
			};
		};
/* End XCRemoteSwiftPackageReference section */

/* Begin XCSwiftPackageProductDependency section */
		9D9B4CF22CFAB3880078A531 /* GoogleMaps */ = {
			isa = XCSwiftPackageProductDependency;
			package = 9D9B4CF12CFAB3880078A531 /* XCRemoteSwiftPackageReference "ios-maps-sdk" */;
			productName = GoogleMaps;
		};
/* End XCSwiftPackageProductDependency section */

/* Begin XCVersionGroup section */
		9D0490DC2CFABD17000E6E82 /* EatExplorerModel.xcdatamodeld */ = {
			isa = XCVersionGroup;
			children = (
				9D0490DD2CFABD17000E6E82 /* EatExplorerModel.xcdatamodel */,
			);
			currentVersion = 9D0490DD2CFABD17000E6E82 /* EatExplorerModel.xcdatamodel */;
			path = EatExplorerModel.xcdatamodeld;
			sourceTree = "<group>";
			versionGroupType = wrapper.xcdatamodel;
		};
/* End XCVersionGroup section */
	};
	rootObject = 9D9B4CB92CFA93270078A531 /* Project object */;
}
