// !$*UTF8*$!
{
	archiveVersion = 1;
	classes = {
	};
	objectVersion = 56;
	objects = {

/* Begin PBXBuildFile section */
		1C8E9AB62CC33C4800B45410 /* HeroDetailView.swift in Sources */ = {isa = PBXBuildFile; fileRef = 1C8E9AB52CC33C4800B45410 /* HeroDetailView.swift */; };
		1CD286F32CBA12CB0048951C /* SuperHeroSwiftUIApp.swift in Sources */ = {isa = PBXBuildFile; fileRef = 1CD286F22CBA12CB0048951C /* SuperHeroSwiftUIApp.swift */; };
		1CD286F52CBA12CB0048951C /* ContentView.swift in Sources */ = {isa = PBXBuildFile; fileRef = 1CD286F42CBA12CB0048951C /* ContentView.swift */; };
		1CD286F72CBA12CC0048951C /* Assets.xcassets in Resources */ = {isa = PBXBuildFile; fileRef = 1CD286F62CBA12CC0048951C /* Assets.xcassets */; };
		1CD286FA2CBA12CC0048951C /* Preview Assets.xcassets in Resources */ = {isa = PBXBuildFile; fileRef = 1CD286F92CBA12CC0048951C /* Preview Assets.xcassets */; };
		1CD287062CBA14750048951C /* SearchHeroesView.swift in Sources */ = {isa = PBXBuildFile; fileRef = 1CD287052CBA14750048951C /* SearchHeroesView.swift */; };
		1CD287082CBA160E0048951C /* Hero.swift in Sources */ = {isa = PBXBuildFile; fileRef = 1CD287072CBA160E0048951C /* Hero.swift */; };
		1CD2870A2CBA1C560048951C /* HeroItemView.swift in Sources */ = {isa = PBXBuildFile; fileRef = 1CD287092CBA1C560048951C /* HeroItemView.swift */; };
		1CD2870C2CBA1D5A0048951C /* HttpRequestHelper.swift in Sources */ = {isa = PBXBuildFile; fileRef = 1CD2870B2CBA1D5A0048951C /* HttpRequestHelper.swift */; };
		1CD2870E2CBA25CD0048951C /* HeroService.swift in Sources */ = {isa = PBXBuildFile; fileRef = 1CD2870D2CBA25CD0048951C /* HeroService.swift */; };
/* End PBXBuildFile section */

/* Begin PBXFileReference section */
		1C8E9AB52CC33C4800B45410 /* HeroDetailView.swift */ = {isa = PBXFileReference; lastKnownFileType = sourcecode.swift; path = HeroDetailView.swift; sourceTree = "<group>"; };
		1CD286EF2CBA12CB0048951C /* SuperHeroSwiftUI.app */ = {isa = PBXFileReference; explicitFileType = wrapper.application; includeInIndex = 0; path = SuperHeroSwiftUI.app; sourceTree = BUILT_PRODUCTS_DIR; };
		1CD286F22CBA12CB0048951C /* SuperHeroSwiftUIApp.swift */ = {isa = PBXFileReference; lastKnownFileType = sourcecode.swift; path = SuperHeroSwiftUIApp.swift; sourceTree = "<group>"; };
		1CD286F42CBA12CB0048951C /* ContentView.swift */ = {isa = PBXFileReference; lastKnownFileType = sourcecode.swift; path = ContentView.swift; sourceTree = "<group>"; };
		1CD286F62CBA12CC0048951C /* Assets.xcassets */ = {isa = PBXFileReference; lastKnownFileType = folder.assetcatalog; path = Assets.xcassets; sourceTree = "<group>"; };
		1CD286F92CBA12CC0048951C /* Preview Assets.xcassets */ = {isa = PBXFileReference; lastKnownFileType = folder.assetcatalog; path = "Preview Assets.xcassets"; sourceTree = "<group>"; };
		1CD287052CBA14750048951C /* SearchHeroesView.swift */ = {isa = PBXFileReference; lastKnownFileType = sourcecode.swift; path = SearchHeroesView.swift; sourceTree = "<group>"; };
		1CD287072CBA160E0048951C /* Hero.swift */ = {isa = PBXFileReference; lastKnownFileType = sourcecode.swift; path = Hero.swift; sourceTree = "<group>"; };
		1CD287092CBA1C560048951C /* HeroItemView.swift */ = {isa = PBXFileReference; lastKnownFileType = sourcecode.swift; path = HeroItemView.swift; sourceTree = "<group>"; };
		1CD2870B2CBA1D5A0048951C /* HttpRequestHelper.swift */ = {isa = PBXFileReference; lastKnownFileType = sourcecode.swift; path = HttpRequestHelper.swift; sourceTree = "<group>"; };
		1CD2870D2CBA25CD0048951C /* HeroService.swift */ = {isa = PBXFileReference; lastKnownFileType = sourcecode.swift; path = HeroService.swift; sourceTree = "<group>"; };
/* End PBXFileReference section */

/* Begin PBXFrameworksBuildPhase section */
		1CD286EC2CBA12CB0048951C /* Frameworks */ = {
			isa = PBXFrameworksBuildPhase;
			buildActionMask = 2147483647;
			files = (
			);
			runOnlyForDeploymentPostprocessing = 0;
		};
/* End PBXFrameworksBuildPhase section */

/* Begin PBXGroup section */
		1CD286E62CBA12CB0048951C = {
			isa = PBXGroup;
			children = (
				1CD286F12CBA12CB0048951C /* SuperHeroSwiftUI */,
				1CD286F02CBA12CB0048951C /* Products */,
			);
			sourceTree = "<group>";
		};
		1CD286F02CBA12CB0048951C /* Products */ = {
			isa = PBXGroup;
			children = (
				1CD286EF2CBA12CB0048951C /* SuperHeroSwiftUI.app */,
			);
			name = Products;
			sourceTree = "<group>";
		};
		1CD286F12CBA12CB0048951C /* SuperHeroSwiftUI */ = {
			isa = PBXGroup;
			children = (
				1CD287042CBA13950048951C /* Helpers */,
				1CD287032CBA13820048951C /* Services */,
				1CD287022CBA136D0048951C /* ViewModels */,
				1CD287012CBA135E0048951C /* Models */,
				1CD287002CBA13510048951C /* Views */,
				1CD286F22CBA12CB0048951C /* SuperHeroSwiftUIApp.swift */,
				1CD286F42CBA12CB0048951C /* ContentView.swift */,
				1CD286F62CBA12CC0048951C /* Assets.xcassets */,
				1CD286F82CBA12CC0048951C /* Preview Content */,
			);
			path = SuperHeroSwiftUI;
			sourceTree = "<group>";
		};
		1CD286F82CBA12CC0048951C /* Preview Content */ = {
			isa = PBXGroup;
			children = (
				1CD286F92CBA12CC0048951C /* Preview Assets.xcassets */,
			);
			path = "Preview Content";
			sourceTree = "<group>";
		};
		1CD287002CBA13510048951C /* Views */ = {
			isa = PBXGroup;
			children = (
				1CD287052CBA14750048951C /* SearchHeroesView.swift */,
				1CD287092CBA1C560048951C /* HeroItemView.swift */,
				1C8E9AB52CC33C4800B45410 /* HeroDetailView.swift */,
			);
			path = Views;
			sourceTree = "<group>";
		};
		1CD287012CBA135E0048951C /* Models */ = {
			isa = PBXGroup;
			children = (
				1CD287072CBA160E0048951C /* Hero.swift */,
			);
			path = Models;
			sourceTree = "<group>";
		};
		1CD287022CBA136D0048951C /* ViewModels */ = {
			isa = PBXGroup;
			children = (
			);
			path = ViewModels;
			sourceTree = "<group>";
		};
		1CD287032CBA13820048951C /* Services */ = {
			isa = PBXGroup;
			children = (
				1CD2870D2CBA25CD0048951C /* HeroService.swift */,
			);
			path = Services;
			sourceTree = "<group>";
		};
		1CD287042CBA13950048951C /* Helpers */ = {
			isa = PBXGroup;
			children = (
				1CD2870B2CBA1D5A0048951C /* HttpRequestHelper.swift */,
			);
			path = Helpers;
			sourceTree = "<group>";
		};
/* End PBXGroup section */

/* Begin PBXNativeTarget section */
		1CD286EE2CBA12CB0048951C /* SuperHeroSwiftUI */ = {
			isa = PBXNativeTarget;
			buildConfigurationList = 1CD286FD2CBA12CC0048951C /* Build configuration list for PBXNativeTarget "SuperHeroSwiftUI" */;
			buildPhases = (
				1CD286EB2CBA12CB0048951C /* Sources */,
				1CD286EC2CBA12CB0048951C /* Frameworks */,
				1CD286ED2CBA12CB0048951C /* Resources */,
			);
			buildRules = (
			);
			dependencies = (
			);
			name = SuperHeroSwiftUI;
			productName = SuperHeroSwiftUI;
			productReference = 1CD286EF2CBA12CB0048951C /* SuperHeroSwiftUI.app */;
			productType = "com.apple.product-type.application";
		};
/* End PBXNativeTarget section */

/* Begin PBXProject section */
		1CD286E72CBA12CB0048951C /* Project object */ = {
			isa = PBXProject;
			attributes = {
				BuildIndependentTargetsInParallel = 1;
				LastSwiftUpdateCheck = 1520;
				LastUpgradeCheck = 1520;
				TargetAttributes = {
					1CD286EE2CBA12CB0048951C = {
						CreatedOnToolsVersion = 15.2;
					};
				};
			};
			buildConfigurationList = 1CD286EA2CBA12CB0048951C /* Build configuration list for PBXProject "SuperHeroSwiftUI" */;
			compatibilityVersion = "Xcode 14.0";
			developmentRegion = en;
			hasScannedForEncodings = 0;
			knownRegions = (
				en,
				Base,
			);
			mainGroup = 1CD286E62CBA12CB0048951C;
			productRefGroup = 1CD286F02CBA12CB0048951C /* Products */;
			projectDirPath = "";
			projectRoot = "";
			targets = (
				1CD286EE2CBA12CB0048951C /* SuperHeroSwiftUI */,
			);
		};
/* End PBXProject section */

/* Begin PBXResourcesBuildPhase section */
		1CD286ED2CBA12CB0048951C /* Resources */ = {
			isa = PBXResourcesBuildPhase;
			buildActionMask = 2147483647;
			files = (
				1CD286FA2CBA12CC0048951C /* Preview Assets.xcassets in Resources */,
				1CD286F72CBA12CC0048951C /* Assets.xcassets in Resources */,
			);
			runOnlyForDeploymentPostprocessing = 0;
		};
/* End PBXResourcesBuildPhase section */

/* Begin PBXSourcesBuildPhase section */
		1CD286EB2CBA12CB0048951C /* Sources */ = {
			isa = PBXSourcesBuildPhase;
			buildActionMask = 2147483647;
			files = (
				1CD2870E2CBA25CD0048951C /* HeroService.swift in Sources */,
				1CD286F52CBA12CB0048951C /* ContentView.swift in Sources */,
				1CD2870C2CBA1D5A0048951C /* HttpRequestHelper.swift in Sources */,
				1C8E9AB62CC33C4800B45410 /* HeroDetailView.swift in Sources */,
				1CD287062CBA14750048951C /* SearchHeroesView.swift in Sources */,
				1CD2870A2CBA1C560048951C /* HeroItemView.swift in Sources */,
				1CD286F32CBA12CB0048951C /* SuperHeroSwiftUIApp.swift in Sources */,
				1CD287082CBA160E0048951C /* Hero.swift in Sources */,
			);
			runOnlyForDeploymentPostprocessing = 0;
		};
/* End PBXSourcesBuildPhase section */

/* Begin XCBuildConfiguration section */
		1CD286FB2CBA12CC0048951C /* Debug */ = {
			isa = XCBuildConfiguration;
			buildSettings = {
				ALWAYS_SEARCH_USER_PATHS = NO;
				ASSETCATALOG_COMPILER_GENERATE_SWIFT_ASSET_SYMBOL_EXTENSIONS = YES;
				CLANG_ANALYZER_NONNULL = YES;
				CLANG_ANALYZER_NUMBER_OBJECT_CONVERSION = YES_AGGRESSIVE;
				CLANG_CXX_LANGUAGE_STANDARD = "gnu++20";
				CLANG_ENABLE_MODULES = YES;
				CLANG_ENABLE_OBJC_ARC = YES;
				CLANG_ENABLE_OBJC_WEAK = YES;
				CLANG_WARN_BLOCK_CAPTURE_AUTORELEASING = YES;
				CLANG_WARN_BOOL_CONVERSION = YES;
				CLANG_WARN_COMMA = YES;
				CLANG_WARN_CONSTANT_CONVERSION = YES;
				CLANG_WARN_DEPRECATED_OBJC_IMPLEMENTATIONS = YES;
				CLANG_WARN_DIRECT_OBJC_ISA_USAGE = YES_ERROR;
				CLANG_WARN_DOCUMENTATION_COMMENTS = YES;
				CLANG_WARN_EMPTY_BODY = YES;
				CLANG_WARN_ENUM_CONVERSION = YES;
				CLANG_WARN_INFINITE_RECURSION = YES;
				CLANG_WARN_INT_CONVERSION = YES;
				CLANG_WARN_NON_LITERAL_NULL_CONVERSION = YES;
				CLANG_WARN_OBJC_IMPLICIT_RETAIN_SELF = YES;
				CLANG_WARN_OBJC_LITERAL_CONVERSION = YES;
				CLANG_WARN_OBJC_ROOT_CLASS = YES_ERROR;
				CLANG_WARN_QUOTED_INCLUDE_IN_FRAMEWORK_HEADER = YES;
				CLANG_WARN_RANGE_LOOP_ANALYSIS = YES;
				CLANG_WARN_STRICT_PROTOTYPES = YES;
				CLANG_WARN_SUSPICIOUS_MOVE = YES;
				CLANG_WARN_UNGUARDED_AVAILABILITY = YES_AGGRESSIVE;
				CLANG_WARN_UNREACHABLE_CODE = YES;
				CLANG_WARN__DUPLICATE_METHOD_MATCH = YES;
				COPY_PHASE_STRIP = NO;
				DEBUG_INFORMATION_FORMAT = dwarf;
				ENABLE_STRICT_OBJC_MSGSEND = YES;
				ENABLE_TESTABILITY = YES;
				ENABLE_USER_SCRIPT_SANDBOXING = YES;
				GCC_C_LANGUAGE_STANDARD = gnu17;
				GCC_DYNAMIC_NO_PIC = NO;
				GCC_NO_COMMON_BLOCKS = YES;
				GCC_OPTIMIZATION_LEVEL = 0;
				GCC_PREPROCESSOR_DEFINITIONS = (
					"DEBUG=1",
					"$(inherited)",
				);
				GCC_WARN_64_TO_32_BIT_CONVERSION = YES;
				GCC_WARN_ABOUT_RETURN_TYPE = YES_ERROR;
				GCC_WARN_UNDECLARED_SELECTOR = YES;
				GCC_WARN_UNINITIALIZED_AUTOS = YES_AGGRESSIVE;
				GCC_WARN_UNUSED_FUNCTION = YES;
				GCC_WARN_UNUSED_VARIABLE = YES;
				IPHONEOS_DEPLOYMENT_TARGET = 17.2;
				LOCALIZATION_PREFERS_STRING_CATALOGS = YES;
				MTL_ENABLE_DEBUG_INFO = INCLUDE_SOURCE;
				MTL_FAST_MATH = YES;
				ONLY_ACTIVE_ARCH = YES;
				SDKROOT = iphoneos;
				SWIFT_ACTIVE_COMPILATION_CONDITIONS = "DEBUG $(inherited)";
				SWIFT_OPTIMIZATION_LEVEL = "-Onone";
			};
			name = Debug;
		};
		1CD286FC2CBA12CC0048951C /* Release */ = {
			isa = XCBuildConfiguration;
			buildSettings = {
				ALWAYS_SEARCH_USER_PATHS = NO;
				ASSETCATALOG_COMPILER_GENERATE_SWIFT_ASSET_SYMBOL_EXTENSIONS = YES;
				CLANG_ANALYZER_NONNULL = YES;
				CLANG_ANALYZER_NUMBER_OBJECT_CONVERSION = YES_AGGRESSIVE;
				CLANG_CXX_LANGUAGE_STANDARD = "gnu++20";
				CLANG_ENABLE_MODULES = YES;
				CLANG_ENABLE_OBJC_ARC = YES;
				CLANG_ENABLE_OBJC_WEAK = YES;
				CLANG_WARN_BLOCK_CAPTURE_AUTORELEASING = YES;
				CLANG_WARN_BOOL_CONVERSION = YES;
				CLANG_WARN_COMMA = YES;
				CLANG_WARN_CONSTANT_CONVERSION = YES;
				CLANG_WARN_DEPRECATED_OBJC_IMPLEMENTATIONS = YES;
				CLANG_WARN_DIRECT_OBJC_ISA_USAGE = YES_ERROR;
				CLANG_WARN_DOCUMENTATION_COMMENTS = YES;
				CLANG_WARN_EMPTY_BODY = YES;
				CLANG_WARN_ENUM_CONVERSION = YES;
				CLANG_WARN_INFINITE_RECURSION = YES;
				CLANG_WARN_INT_CONVERSION = YES;
				CLANG_WARN_NON_LITERAL_NULL_CONVERSION = YES;
				CLANG_WARN_OBJC_IMPLICIT_RETAIN_SELF = YES;
				CLANG_WARN_OBJC_LITERAL_CONVERSION = YES;
				CLANG_WARN_OBJC_ROOT_CLASS = YES_ERROR;
				CLANG_WARN_QUOTED_INCLUDE_IN_FRAMEWORK_HEADER = YES;
				CLANG_WARN_RANGE_LOOP_ANALYSIS = YES;
				CLANG_WARN_STRICT_PROTOTYPES = YES;
				CLANG_WARN_SUSPICIOUS_MOVE = YES;
				CLANG_WARN_UNGUARDED_AVAILABILITY = YES_AGGRESSIVE;
				CLANG_WARN_UNREACHABLE_CODE = YES;
				CLANG_WARN__DUPLICATE_METHOD_MATCH = YES;
				COPY_PHASE_STRIP = NO;
				DEBUG_INFORMATION_FORMAT = "dwarf-with-dsym";
				ENABLE_NS_ASSERTIONS = NO;
				ENABLE_STRICT_OBJC_MSGSEND = YES;
				ENABLE_USER_SCRIPT_SANDBOXING = YES;
				GCC_C_LANGUAGE_STANDARD = gnu17;
				GCC_NO_COMMON_BLOCKS = YES;
				GCC_WARN_64_TO_32_BIT_CONVERSION = YES;
				GCC_WARN_ABOUT_RETURN_TYPE = YES_ERROR;
				GCC_WARN_UNDECLARED_SELECTOR = YES;
				GCC_WARN_UNINITIALIZED_AUTOS = YES_AGGRESSIVE;
				GCC_WARN_UNUSED_FUNCTION = YES;
				GCC_WARN_UNUSED_VARIABLE = YES;
				IPHONEOS_DEPLOYMENT_TARGET = 17.2;
				LOCALIZATION_PREFERS_STRING_CATALOGS = YES;
				MTL_ENABLE_DEBUG_INFO = NO;
				MTL_FAST_MATH = YES;
				SDKROOT = iphoneos;
				SWIFT_COMPILATION_MODE = wholemodule;
				VALIDATE_PRODUCT = YES;
			};
			name = Release;
		};
		1CD286FE2CBA12CC0048951C /* Debug */ = {
			isa = XCBuildConfiguration;
			buildSettings = {
				ASSETCATALOG_COMPILER_APPICON_NAME = AppIcon;
				ASSETCATALOG_COMPILER_GLOBAL_ACCENT_COLOR_NAME = AccentColor;
				CODE_SIGN_STYLE = Automatic;
				CURRENT_PROJECT_VERSION = 1;
				DEVELOPMENT_ASSET_PATHS = "\"SuperHeroSwiftUI/Preview Content\"";
				ENABLE_PREVIEWS = YES;
				GENERATE_INFOPLIST_FILE = YES;
				INFOPLIST_KEY_UIApplicationSceneManifest_Generation = YES;
				INFOPLIST_KEY_UIApplicationSupportsIndirectInputEvents = YES;
				INFOPLIST_KEY_UILaunchScreen_Generation = YES;
				INFOPLIST_KEY_UISupportedInterfaceOrientations_iPad = "UIInterfaceOrientationPortrait UIInterfaceOrientationPortraitUpsideDown UIInterfaceOrientationLandscapeLeft UIInterfaceOrientationLandscapeRight";
				INFOPLIST_KEY_UISupportedInterfaceOrientations_iPhone = "UIInterfaceOrientationPortrait UIInterfaceOrientationLandscapeLeft UIInterfaceOrientationLandscapeRight";
				LD_RUNPATH_SEARCH_PATHS = (
					"$(inherited)",
					"@executable_path/Frameworks",
				);
				MARKETING_VERSION = 1.0;
				PRODUCT_BUNDLE_IDENTIFIER = pe.isil.SuperHeroSwiftUI;
				PRODUCT_NAME = "$(TARGET_NAME)";
				SWIFT_EMIT_LOC_STRINGS = YES;
				SWIFT_VERSION = 5.0;
				TARGETED_DEVICE_FAMILY = "1,2";
			};
			name = Debug;
		};
		1CD286FF2CBA12CC0048951C /* Release */ = {
			isa = XCBuildConfiguration;
			buildSettings = {
				ASSETCATALOG_COMPILER_APPICON_NAME = AppIcon;
				ASSETCATALOG_COMPILER_GLOBAL_ACCENT_COLOR_NAME = AccentColor;
				CODE_SIGN_STYLE = Automatic;
				CURRENT_PROJECT_VERSION = 1;
				DEVELOPMENT_ASSET_PATHS = "\"SuperHeroSwiftUI/Preview Content\"";
				ENABLE_PREVIEWS = YES;
				GENERATE_INFOPLIST_FILE = YES;
				INFOPLIST_KEY_UIApplicationSceneManifest_Generation = YES;
				INFOPLIST_KEY_UIApplicationSupportsIndirectInputEvents = YES;
				INFOPLIST_KEY_UILaunchScreen_Generation = YES;
				INFOPLIST_KEY_UISupportedInterfaceOrientations_iPad = "UIInterfaceOrientationPortrait UIInterfaceOrientationPortraitUpsideDown UIInterfaceOrientationLandscapeLeft UIInterfaceOrientationLandscapeRight";
				INFOPLIST_KEY_UISupportedInterfaceOrientations_iPhone = "UIInterfaceOrientationPortrait UIInterfaceOrientationLandscapeLeft UIInterfaceOrientationLandscapeRight";
				LD_RUNPATH_SEARCH_PATHS = (
					"$(inherited)",
					"@executable_path/Frameworks",
				);
				MARKETING_VERSION = 1.0;
				PRODUCT_BUNDLE_IDENTIFIER = pe.isil.SuperHeroSwiftUI;
				PRODUCT_NAME = "$(TARGET_NAME)";
				SWIFT_EMIT_LOC_STRINGS = YES;
				SWIFT_VERSION = 5.0;
				TARGETED_DEVICE_FAMILY = "1,2";
			};
			name = Release;
		};
/* End XCBuildConfiguration section */

/* Begin XCConfigurationList section */
		1CD286EA2CBA12CB0048951C /* Build configuration list for PBXProject "SuperHeroSwiftUI" */ = {
			isa = XCConfigurationList;
			buildConfigurations = (
				1CD286FB2CBA12CC0048951C /* Debug */,
				1CD286FC2CBA12CC0048951C /* Release */,
			);
			defaultConfigurationIsVisible = 0;
			defaultConfigurationName = Release;
		};
		1CD286FD2CBA12CC0048951C /* Build configuration list for PBXNativeTarget "SuperHeroSwiftUI" */ = {
			isa = XCConfigurationList;
			buildConfigurations = (
				1CD286FE2CBA12CC0048951C /* Debug */,
				1CD286FF2CBA12CC0048951C /* Release */,
			);
			defaultConfigurationIsVisible = 0;
			defaultConfigurationName = Release;
		};
/* End XCConfigurationList section */
	};
	rootObject = 1CD286E72CBA12CB0048951C /* Project object */;
}
